
Microsoft Visual Studio Solution File, Format Version 12.00
# Visual Studio Version 17
VisualStudioVersion = 17.4.33213.308
MinimumVisualStudioVersion = 10.0.40219.1
Project("{8BC9CEB8-8B4A-11D0-8D11-00A0C91BC942}") = "test_queue_sample", "test_queue_sample\test_queue_sample.vcxproj", "{9672C8A3-2ADE-4F31-83E1-D43BE7B3AD66}"
EndProject
Global
	GlobalSection(SolutionConfigurationPlatforms) = preSolution
		Debug|x64 = Debug|x64
		Release|x64 = Release|x64
	EndGlobalSection
	GlobalSection(ProjectConfigurationPlatforms) = postSolution
		{9672C8A3-2ADE-4F31-83E1-D43BE7B3AD66}.Debug|x64.ActiveCfg = Debug|x64
		{9672C8A3-2ADE-4F31-83E1-D43BE7B3AD66}.Debug|x64.Build.0 = Debug|x64
		{9672C8A3-2ADE-4F31-83E1-D43BE7B3AD66}.Release|x64.ActiveCfg = Release|x64
		{9672C8A3-2ADE-4F31-83E1-D43BE7B3AD66}.Release|x64.Build.0 = Release|x64
	EndGlobalSection
	GlobalSection(SolutionProperties) = preSolution
		HideSolutionNode = FALSE
	EndGlobalSection
	GlobalSection(ExtensibilityGlobals) = postSolution
		SolutionGuid = {8648C41C-201E-41A3-8052-3940B56EED71}
	EndGlobalSection
EndGlobal
